# THIS IS AN AUTOGENERATED FILE. DO NOT EDIT THIS FILE DIRECTLY.
# yarn lockfile v1


tinymce@6:
  version "6.0.2"
  resolved "https://registry.yarnpkg.com/tinymce/-/tinymce-6.0.2.tgz#7813ce952a9b5b42901ed5a91e915d0d8eb8eb29"
  integrity sha512-i4OEzcTF6mGxZ+scumOoWiaI9HYn6uya980hJ+9jwnhgLbhBb+73ar2t9Ewfkns3DTl2Ez3r1pQs2tpT+ka29Q==
